Microsoft Visual Studio Solution File, Format Version 12.00
# Visual Studio Version 17
VisualStudioVersion = 17.8.0.0
MinimumVisualStudioVersion = 17.8.0.0
Project("{9A19103F-16F7-4668-BE54-9A1E7A4F7556}") = "AspireExample.AppHost", "AspireExample.AppHost\AspireExample.AppHost.csproj", "{149514DB-79B9-4118-9841-44AFE6B22CA7}"
EndProject
Project("{9A19103F-16F7-4668-BE54-9A1E7A4F7556}") = "AspireExample.ServiceDefaults", "AspireExample.ServiceDefaults\AspireExample.ServiceDefaults.csproj", "{C59738A1-F889-4258-95AE-E533D9673F64}"
EndProject
Global
	GlobalSection(SolutionConfigurationPlatforms) = preSolution
		Debug|Any CPU = Debug|Any CPU
		Release|Any CPU = Release|Any CPU
	EndGlobalSection
	GlobalSection(ProjectConfigurationPlatforms) = postSolution
		{149514DB-79B9-4118-9841-44AFE6B22CA7}.Debug|Any CPU.ActiveCfg = Debug|Any CPU
		{149514DB-79B9-4118-9841-44AFE6B22CA7}.Debug|Any CPU.Build.0 = Debug|Any CPU
		{149514DB-79B9-4118-9841-44AFE6B22CA7}.Release|Any CPU.ActiveCfg = Release|Any CPU
		{149514DB-79B9-4118-9841-44AFE6B22CA7}.Release|Any CPU.Build.0 = Release|Any CPU
		{C59738A1-F889-4258-95AE-E533D9673F64}.Debug|Any CPU.ActiveCfg = Debug|Any CPU
		{C59738A1-F889-4258-95AE-E533D9673F64}.Debug|Any CPU.Build.0 = Debug|Any CPU
		{C59738A1-F889-4258-95AE-E533D9673F64}.Release|Any CPU.ActiveCfg = Release|Any CPU
		{C59738A1-F889-4258-95AE-E533D9673F64}.Release|Any CPU.Build.0 = Release|Any CPU
	EndGlobalSection
	GlobalSection(SolutionProperties) = preSolution
		HideSolutionNode = FALSE
	EndGlobalSection
	GlobalSection(ExtensibilityGlobals) = postSolution
		SolutionGuid = {D1001549-FA23-4076-9732-E5CD0D57CA4A}
	EndGlobalSection
EndGlobal
